<Solution>
  <Project Path="05_Database/DataBasePostgreSql/DataBasePostgreSql.csproj" Id="77f69d98-ce4a-4c68-b153-c728ff92dc6b" />
  <Project Path="CollectorShopApi/CollectorShopApi.csproj" />
  <Project Path="docker-compose.dcproj">
    <Build />
  </Project>
  <Project Path="Modules.Collector/Modules.Collector.csproj" Id="c52580aa-9238-41a5-8f28-dc7eca3055f1" />
  <Project Path="Modules.Finance/Modules.Finance.csproj" Id="61002fc7-d26a-460a-8f6e-57f3a56b4988" />
  <Project Path="Modules.Users/Modules.Users.csproj" Id="dafc40ea-8e1b-4e97-b3c2-c7d81e8aa058" />
  <Project Path="Shared/Shared.csproj" Id="047d5c2e-8c8a-4014-a7f2-4feb923e1fe0" />
</Solution>
